
Microsoft Visual Studio Solution File, Format Version 12.00
# Visual Studio Version 16
VisualStudioVersion = 25.0.1706.12
MinimumVisualStudioVersion = 10.0.40219.1
Project("{FAE04EC0-301F-11D3-BF4B-00C04F79EFBC}") = "ESD_Project", "ESD_Project.csproj", "{257FC27C-8D9F-4ACC-9ACB-BE6B7BCC6770}"
EndProject
Global
	GlobalSection(SolutionConfigurationPlatforms) = preSolution
		Debug|Any CPU = Debug|Any CPU
		Release|Any CPU = Release|Any CPU
	EndGlobalSection
	GlobalSection(ProjectConfigurationPlatforms) = postSolution
		{257FC27C-8D9F-4ACC-9ACB-BE6B7BCC6770}.Debug|Any CPU.ActiveCfg = Debug|Any CPU
		{257FC27C-8D9F-4ACC-9ACB-BE6B7BCC6770}.Debug|Any CPU.Build.0 = Debug|Any CPU
		{257FC27C-8D9F-4ACC-9ACB-BE6B7BCC6770}.Release|Any CPU.ActiveCfg = Release|Any CPU
		{257FC27C-8D9F-4ACC-9ACB-BE6B7BCC6770}.Release|Any CPU.Build.0 = Release|Any CPU
	EndGlobalSection
	GlobalSection(SolutionProperties) = preSolution
		HideSolutionNode = FALSE
	EndGlobalSection
	GlobalSection(ExtensibilityGlobals) = postSolution
		SolutionGuid = {B30FFFAA-1D17-4330-B871-96E3E2C07953}
	EndGlobalSection
EndGlobal
